
Microsoft Visual Studio Solution File, Format Version 12.00
# Visual Studio Version 16
VisualStudioVersion = 16.0.31911.196
MinimumVisualStudioVersion = 10.0.40219.1
Project("{FAE04EC0-301F-11D3-BF4B-00C04F79EFBC}") = "RedisExample", "RedisExample\RedisExample.csproj", "{9C1722B9-81B2-4C19-870C-F3232713E66A}"
EndProject
Global
	GlobalSection(SolutionConfigurationPlatforms) = preSolution
		Debug|Any CPU = Debug|Any CPU
		Release|Any CPU = Release|Any CPU
	EndGlobalSection
	GlobalSection(ProjectConfigurationPlatforms) = postSolution
		{9C1722B9-81B2-4C19-870C-F3232713E66A}.Debug|Any CPU.ActiveCfg = Debug|Any CPU
		{9C1722B9-81B2-4C19-870C-F3232713E66A}.Debug|Any CPU.Build.0 = Debug|Any CPU
		{9C1722B9-81B2-4C19-870C-F3232713E66A}.Release|Any CPU.ActiveCfg = Release|Any CPU
		{9C1722B9-81B2-4C19-870C-F3232713E66A}.Release|Any CPU.Build.0 = Release|Any CPU
	EndGlobalSection
	GlobalSection(SolutionProperties) = preSolution
		HideSolutionNode = FALSE
	EndGlobalSection
	GlobalSection(ExtensibilityGlobals) = postSolution
		SolutionGuid = {0ED8BDD1-C34F-4188-9B7F-D695696A12C5}
	EndGlobalSection
EndGlobal
